{
    "_meta": {
        "hash": {
            "sha256": "706fa215f615de167d5205bec79a6efb37d1e0c464c063a29421546215b3b4c1"
        },
        "pipfile-spec": 6,
        "requires": {
            "python_version": "3.10"
        },
        "sources": [
            {
                "name": "pypi",
                "url": "https://pypi.org/simple",
                "verify_ssl": true
            }
        ]
    },
    "default": {
        "cython": {
            "hashes": [
                "sha256:06db81b1a01858fcc406616f8528e686ffb6cf7c3d78fb83767832bfecea8ad8",
                "sha256:06fcb4628ccce2ba5abc8630adbeaf4016f63a359b4c6c3827b2d80e0673981c",
                "sha256:090256c687106932339f87f888b95f0d69c617bc9b18801555545b695d29d8ab",
                "sha256:090e24cfa31c926d0b13d8bb2ef48175acdd061ae1413343c94a2b12a4a4fa6f",
                "sha256:0d2c1e172f1c81bafcca703093608e10dc16e3e2d24c5644c17606c7fdb1792c",
                "sha256:0e1e4b7e4bfbf22fecfa5b852f0e499c442d4853b7ebd33ae37cdec9826ed5d8",
                "sha256:204690be60f0ff32eb70b04f28ef0d1e50ffd7b3f77ba06a7dc2389ee3b848e0",
                "sha256:20c604e974832aaf8b7a1f5455ee7274b34df62a35ee095cd7d2ed7e818e6c53",
                "sha256:254ed1f03a6c237fa64f0c6e44862058de65bfa2e6a3b48ca3c205492e0653aa",
                "sha256:296c53b6c0030cf82987eef163444e8d7631cc139d995f9d58679d9fd1ddbf31",
                "sha256:2d8158277c8942c0b20ff4c074fe6a51c5b89e6ac60cef606818de8c92773596",
                "sha256:2fadde1da055944f5e1e17625055f54ddd11f451889110278ef30e07bd5e1695",
                "sha256:30a4bd2481e59bd7ab2539f835b78edc19fc455811e476916f56026b93afd28b",
                "sha256:30f10e79393b411af7677c270ea69807acb9fc30205c8ff25561f4deef780ec1",
                "sha256:33c900d1ca9f622b969ac7d8fc44bdae140a4a6c7d8819413b51f3ccd0586a09",
                "sha256:350b18f9673e63101dbbfcf774ee2f57c20ac4636d255741d76ca79016b1bd82",
                "sha256:35abcf07b8277ec95bbe49a07b5c8760a2d941942ccfe759a94c8d2fe5602e9f",
                "sha256:3b71b399b10b038b056ad12dce1e317a8aa7a96e99de7e4fa2fa5d1c9415cfb9",
                "sha256:3e234e2549e808d9259fdb23ebcfd145be30c638c65118326ec33a8d29248dc2",
                "sha256:4123c8d03167803df31da6b39de167cb9c04ac0aa4e35d4e5aa9d08ad511b84d",
                "sha256:4965f2ebade17166f21a508d66dd60d2a0b3a3b90abe3f72003baa17ae020dd6",
                "sha256:4cd00f2158dc00f7f93a92444d0f663eda124c9c29bbbd658964f4e89c357fe8",
                "sha256:4dc6bbe7cf079db37f1ebb9b0f10d0d7f29e293bb8688e92d50b5ea7a91d82f3",
                "sha256:4e212237b7531759befb92699c452cd65074a78051ae4ee36ff8b237395ecf3d",
                "sha256:53328a8af0806bebbdb48a4191883b11ee9d9dfb084d84f58fa5a8ab58baefc9",
                "sha256:54e34f99b2a8c1e11478541b2822e6408c132b98b6b8f5ed89411e5e906631ea",
                "sha256:5962e70b15e863e72bed6910e8c6ffef77d36cc98e2b31c474378f3b9e49b0e3",
                "sha256:5b4cc896d49ce2bae8d6a030f9a4c64965b59c38acfbf4617685e17f7fcf1731",
                "sha256:609777d3a7a0a23b225e84d967af4ad2485c8bdfcacef8037cf197e87d431ca0",
                "sha256:626a4a6ef4b7ced87c348ea805488e4bd39dad9d0b39659aa9e1040b62bbfedf",
                "sha256:650d03ddddc08b051b4659778733f0f173ca7d327415755c05d265a6c1ba02fb",
                "sha256:6b00df42cdd1a285a64491ba23de08ab14169d3257c840428d40eb7e8e9979af",
                "sha256:7c7d728e1a49ad01d41181e3a9ea80b8d14e825f4679e4dd837cbf7bca7998a5",
                "sha256:7f4a6dfd42ae0a45797f50fc4f6add702abf46ab3e7cd61811a6c6a97a40e1a2",
                "sha256:829c8333195100448a23863cf64a07e1334fae6a275aefe871458937911531b6",
                "sha256:84176bd04ce9f3cc8799b47ec6d1959fa1ea5e71424507df7bbf0b0915bbedef",
                "sha256:877d1c8745df59dd2061a0636c602729e9533ba13f13aa73a498f68662e1cbde",
                "sha256:8abb8915eb2e57fa53d918afe641c05d1bcc6ed1913682ec1f28de71f4e3f398",
                "sha256:8d86651347bbdbac1aca1824696c5e4c0a3b162946c422edcca2be12a03744d1",
                "sha256:93a34e1ca8afa4b7075b02ed14a7e4969256297029fb1bfd4cbe48f7290dbcff",
                "sha256:9e69139f4e60ab14c50767a568612ea64d6907e9c8e0289590a170eb495e005f",
                "sha256:9f29307463eba53747b31f71394ed087e3e3e264dcc433e62de1d51f5c0c966c",
                "sha256:a1cdd01ce45333bc264a218c6e183700d6b998f029233f586a53c9b13455c2d2",
                "sha256:a44d6b9a29b2bff38bb648577b2fcf6a68cf8b1783eee89c2eb749f69494b98d",
                "sha256:a65bc50dc1bc2faeafd9425defbdef6a468974f5c4192497ff7f14adccfdcd32",
                "sha256:aa606675c6bd23478b1d174e2a84e3c5a2c660968f97dc455afe0fae198f9d3d",
                "sha256:bb1165ca9e78823f9ad1efa5b3d83156f868eabd679a615d140a3021bb92cd65",
                "sha256:bc816d8eb3686d6f8d165f4156bac18c1147e1035dc28a76742d0b7fb5b7c032",
                "sha256:c40bdbcb2286f0aeeb5df9ce53d45da2d2a9b36a16b331cd0809d212d22a8fc7",
                "sha256:c85fd2b1cbd9400d60ebe074795bb9a9188752f1612be3b35b0831a24879b91f",
                "sha256:c93634845238645ce7abf63a56b1c5b6248189005c7caff898fd4a0dac1c5e1e",
                "sha256:cec2a67a0a7d9d4399758c0657ca03e5912e37218859cfbf046242cc532bfb3b",
                "sha256:d3355e6f690184f984eeb108b0f5bbc4bcf8b9444f8168933acf79603abf7baf",
                "sha256:e28763e75e380b8be62b02266a7995a781997c97c119efbdccb8fb954bcd7574",
                "sha256:ecee663d2d50ca939fc5db81f2f8a219c2417b4651ad84254c50a03a9cb1aadd",
                "sha256:edae615cb4af51d5173e76ba9aea212424d025c57012e9cdf2f131f774c5ba71",
                "sha256:f42f304c097cc53e9eb5f1a1d150380353d5018a3191f1b77f0de353c762181e",
                "sha256:ff1aef1a03cfe293237c7a86ae9625b0411b2df30c53d1a7f29a8d381f38a1df"
            ],
            "index": "pypi",
            "version": "==3.0.0"
        },
        "numpy": {
            "hashes": [
                "sha256:0d60fbae8e0019865fc4784745814cff1c421df5afee233db6d88ab4f14655a2",
                "sha256:1a1329e26f46230bf77b02cc19e900db9b52f398d6722ca853349a782d4cff55",
                "sha256:1b9735c27cea5d995496f46a8b1cd7b408b3f34b6d50459d9ac8fe3a20cc17bf",
                "sha256:2792d23d62ec51e50ce4d4b7d73de8f67a2fd3ea710dcbc8563a51a03fb07b01",
                "sha256:3e0746410e73384e70d286f93abf2520035250aad8c5714240b0492a7302fdca",
                "sha256:4c3abc71e8b6edba80a01a52e66d83c5d14433cbcd26a40c329ec7ed09f37901",
                "sha256:5883c06bb92f2e6c8181df7b39971a5fb436288db58b5a1c3967702d4278691d",
                "sha256:5c97325a0ba6f9d041feb9390924614b60b99209a71a69c876f71052521d42a4",
                "sha256:60e7f0f7f6d0eee8364b9a6304c2845b9c491ac706048c7e8cf47b83123b8dbf",
                "sha256:76b4115d42a7dfc5d485d358728cdd8719be33cc5ec6ec08632a5d6fca2ed380",
                "sha256:7dc869c0c75988e1c693d0e2d5b26034644399dd929bc049db55395b1379e044",
                "sha256:834b386f2b8210dca38c71a6e0f4fd6922f7d3fcff935dbe3a570945acb1b545",
                "sha256:8b77775f4b7df768967a7c8b3567e309f617dd5e99aeb886fa14dc1a0791141f",
                "sha256:90319e4f002795ccfc9050110bbbaa16c944b1c37c0baeea43c5fb881693ae1f",
                "sha256:b79e513d7aac42ae918db3ad1341a015488530d0bb2a6abcbdd10a3a829ccfd3",
                "sha256:bb33d5a1cf360304754913a350edda36d5b8c5331a8237268c48f91253c3a364",
                "sha256:bec1e7213c7cb00d67093247f8c4db156fd03075f49876957dca4711306d39c9",
                "sha256:c5462d19336db4560041517dbb7759c21d181a67cb01b36ca109b2ae37d32418",
                "sha256:c5652ea24d33585ea39eb6a6a15dac87a1206a692719ff45d53c5282e66d4a8f",
                "sha256:d7806500e4f5bdd04095e849265e55de20d8cc4b661b038957354327f6d9b295",
                "sha256:db3ccc4e37a6873045580d413fe79b68e47a681af8db2e046f1dacfa11f86eb3",
                "sha256:dfe4a913e29b418d096e696ddd422d8a5d13ffba4ea91f9f60440a3b759b0187",
                "sha256:eb942bfb6f84df5ce05dbf4b46673ffed0d3da59f13635ea9b926af3deb76926",
                "sha256:f08f2e037bba04e707eebf4bc934f1972a315c883a9e0ebfa8a7756eabf9e357",
                "sha256:fd608e19c8d7c55021dffd43bfe5492fab8cc105cc8986f813f8c3c048b38760"
            ],
            "index": "pypi",
            "version": "==1.25.2"
        },
        "setuptools": {
            "hashes": [
                "sha256:11e52c67415a381d10d6b462ced9cfb97066179f0e871399e006c4ab101fc85f",
                "sha256:baf1fdb41c6da4cd2eae722e135500da913332ab3f2f5c7d33af9b492acb5235"
            ],
            "index": "pypi",
            "version": "==68.0.0"
        }
    },
    "develop": {}
}
